
Microsoft Visual Studio Solution File, Format Version 12.00
# Visual Studio Version 17
VisualStudioVersion = 17.11.35327.3
MinimumVisualStudioVersion = 10.0.40219.1
Project("{2150E333-8FDC-42A3-9474-1A3956D46DE8}") = "TaskOne", "TaskOne", "{CDBA9944-23CF-464B-9B36-97879DD27CDB}"
EndProject
Project("{FAE04EC0-301F-11D3-BF4B-00C04F79EFBC}") = "Psb.TestTask.Ahmadullin.TaskConsoleApp", "Psb.TestTask.Ahmadullin.TaskConsoleApp\Psb.TestTask.Ahmadullin.TaskConsoleApp.csproj", "{7D8F14BB-FA78-463F-876E-42C4934F149B}"
EndProject
Project("{FAE04EC0-301F-11D3-BF4B-00C04F79EFBC}") = "Psb.TestTask.Ahmadullin.TaskApi", "Psb.TestTask.Ahmadullin.TaskApi\Psb.TestTask.Ahmadullin.TaskApi.csproj", "{1C1CAD7C-AEFC-403D-B901-A2229C6B9EA2}"
EndProject
Global
	GlobalSection(SolutionConfigurationPlatforms) = preSolution
		Debug|Any CPU = Debug|Any CPU
		Release|Any CPU = Release|Any CPU
	EndGlobalSection
	GlobalSection(ProjectConfigurationPlatforms) = postSolution
		{7D8F14BB-FA78-463F-876E-42C4934F149B}.Debug|Any CPU.ActiveCfg = Debug|Any CPU
		{7D8F14BB-FA78-463F-876E-42C4934F149B}.Debug|Any CPU.Build.0 = Debug|Any CPU
		{7D8F14BB-FA78-463F-876E-42C4934F149B}.Release|Any CPU.ActiveCfg = Release|Any CPU
		{7D8F14BB-FA78-463F-876E-42C4934F149B}.Release|Any CPU.Build.0 = Release|Any CPU
		{1C1CAD7C-AEFC-403D-B901-A2229C6B9EA2}.Debug|Any CPU.ActiveCfg = Debug|Any CPU
		{1C1CAD7C-AEFC-403D-B901-A2229C6B9EA2}.Debug|Any CPU.Build.0 = Debug|Any CPU
		{1C1CAD7C-AEFC-403D-B901-A2229C6B9EA2}.Release|Any CPU.ActiveCfg = Release|Any CPU
		{1C1CAD7C-AEFC-403D-B901-A2229C6B9EA2}.Release|Any CPU.Build.0 = Release|Any CPU
	EndGlobalSection
	GlobalSection(SolutionProperties) = preSolution
		HideSolutionNode = FALSE
	EndGlobalSection
	GlobalSection(NestedProjects) = preSolution
		{7D8F14BB-FA78-463F-876E-42C4934F149B} = {CDBA9944-23CF-464B-9B36-97879DD27CDB}
		{1C1CAD7C-AEFC-403D-B901-A2229C6B9EA2} = {CDBA9944-23CF-464B-9B36-97879DD27CDB}
	EndGlobalSection
	GlobalSection(ExtensibilityGlobals) = postSolution
		SolutionGuid = {9A53C7E8-593E-4F04-ACA1-F111713C4A36}
	EndGlobalSection
EndGlobal
